
Microsoft Visual Studio Solution File, Format Version 12.00
# Visual Studio 15
VisualStudioVersion = 15.0.28307.329
MinimumVisualStudioVersion = 10.0.40219.1
Project("{8BC9CEB8-8B4A-11D0-8D11-00A0C91BC942}") = "SDL_Prototype", "SDL_Prototype\SDL_Prototype.vcxproj", "{042A3915-A5B8-4C00-ADA0-E8B712234875}"
EndProject
Project("{8BC9CEB8-8B4A-11D0-8D11-00A0C91BC942}") = "EthinEngine", "EthinEngine\EthinEngine.vcxproj", "{78C8F8A7-4636-44C8-8C96-6AB0BE21AD46}"
EndProject
Global
	GlobalSection(SolutionConfigurationPlatforms) = preSolution
		Debug|x64 = Debug|x64
		Debug|x86 = Debug|x86
		Release|x64 = Release|x64
		Release|x86 = Release|x86
	EndGlobalSection
	GlobalSection(ProjectConfigurationPlatforms) = postSolution
		{042A3915-A5B8-4C00-ADA0-E8B712234875}.Debug|x64.ActiveCfg = Debug|x64
		{042A3915-A5B8-4C00-ADA0-E8B712234875}.Debug|x64.Build.0 = Debug|x64
		{042A3915-A5B8-4C00-ADA0-E8B712234875}.Debug|x86.ActiveCfg = Debug|Win32
		{042A3915-A5B8-4C00-ADA0-E8B712234875}.Debug|x86.Build.0 = Debug|Win32
		{042A3915-A5B8-4C00-ADA0-E8B712234875}.Release|x64.ActiveCfg = Release|x64
		{042A3915-A5B8-4C00-ADA0-E8B712234875}.Release|x64.Build.0 = Release|x64
		{042A3915-A5B8-4C00-ADA0-E8B712234875}.Release|x86.ActiveCfg = Release|Win32
		{042A3915-A5B8-4C00-ADA0-E8B712234875}.Release|x86.Build.0 = Release|Win32
		{78C8F8A7-4636-44C8-8C96-6AB0BE21AD46}.Debug|x64.ActiveCfg = Debug|x64
		{78C8F8A7-4636-44C8-8C96-6AB0BE21AD46}.Debug|x64.Build.0 = Debug|x64
		{78C8F8A7-4636-44C8-8C96-6AB0BE21AD46}.Debug|x86.ActiveCfg = Debug|Win32
		{78C8F8A7-4636-44C8-8C96-6AB0BE21AD46}.Debug|x86.Build.0 = Debug|Win32
		{78C8F8A7-4636-44C8-8C96-6AB0BE21AD46}.Release|x64.ActiveCfg = Release|x64
		{78C8F8A7-4636-44C8-8C96-6AB0BE21AD46}.Release|x64.Build.0 = Release|x64
		{78C8F8A7-4636-44C8-8C96-6AB0BE21AD46}.Release|x86.ActiveCfg = Release|Win32
		{78C8F8A7-4636-44C8-8C96-6AB0BE21AD46}.Release|x86.Build.0 = Release|Win32
	EndGlobalSection
	GlobalSection(SolutionProperties) = preSolution
		HideSolutionNode = FALSE
	EndGlobalSection
	GlobalSection(ExtensibilityGlobals) = postSolution
		SolutionGuid = {97411836-94BC-4D93-A08D-6593B2AAC92C}
	EndGlobalSection
EndGlobal
